// !$*UTF8*$!
{
	archiveVersion = 1;
	classes = {
	};
	objectVersion = 56;
	objects = {

/* Begin PBXBuildFile section */
		01FC99D929BE2ACA00FA036B /* AppDelegate.swift in Sources */ = {isa = PBXBuildFile; fileRef = 01FC99D829BE2ACA00FA036B /* AppDelegate.swift */; };
		01FC99DD29BE2ACA00FA036B /* ViewController.swift in Sources */ = {isa = PBXBuildFile; fileRef = 01FC99DC29BE2ACA00FA036B /* ViewController.swift */; };
		01FC99E029BE2ACA00FA036B /* Main.storyboard in Resources */ = {isa = PBXBuildFile; fileRef = 01FC99DE29BE2ACA00FA036B /* Main.storyboard */; };
		01FC99E229BE2ACD00FA036B /* Assets.xcassets in Resources */ = {isa = PBXBuildFile; fileRef = 01FC99E129BE2ACD00FA036B /* Assets.xcassets */; };
		01FC99E529BE2ACD00FA036B /* LaunchScreen.storyboard in Resources */ = {isa = PBXBuildFile; fileRef = 01FC99E329BE2ACD00FA036B /* LaunchScreen.storyboard */; };
		F2A245F92AF0F00D00A1B658 /* MusicPlayerDelegate.swift in Sources */ = {isa = PBXBuildFile; fileRef = F2A245F22AF0F00D00A1B658 /* MusicPlayerDelegate.swift */; };
		F2A245FA2AF0F00D00A1B658 /* MusicPlayerItem.swift in Sources */ = {isa = PBXBuildFile; fileRef = F2A245F32AF0F00D00A1B658 /* MusicPlayerItem.swift */; };
		F2A245FB2AF0F00D00A1B658 /* MusicPlayerItemInfo.swift in Sources */ = {isa = PBXBuildFile; fileRef = F2A245F42AF0F00D00A1B658 /* MusicPlayerItemInfo.swift */; };
		F2A245FC2AF0F00D00A1B658 /* MusicQueuePlayer.swift in Sources */ = {isa = PBXBuildFile; fileRef = F2A245F52AF0F00D00A1B658 /* MusicQueuePlayer.swift */; };
		F2A245FD2AF0F00D00A1B658 /* Defaults.swift in Sources */ = {isa = PBXBuildFile; fileRef = F2A245F62AF0F00D00A1B658 /* Defaults.swift */; };
		F2A245FE2AF0F00D00A1B658 /* MusicPlayerManager.swift in Sources */ = {isa = PBXBuildFile; fileRef = F2A245F72AF0F00D00A1B658 /* MusicPlayerManager.swift */; };
		F2A245FF2AF0F00D00A1B658 /* MusicPlayerStatus.swift in Sources */ = {isa = PBXBuildFile; fileRef = F2A245F82AF0F00D00A1B658 /* MusicPlayerStatus.swift */; };
		F2A246022AF0F1A000A1B658 /* DataProvider.swift in Sources */ = {isa = PBXBuildFile; fileRef = F2A246012AF0F1A000A1B658 /* DataProvider.swift */; };
		F2A246052AF0F28000A1B658 /* Track.swift in Sources */ = {isa = PBXBuildFile; fileRef = F2A246042AF0F28000A1B658 /* Track.swift */; };
		F2A246162AF0F80200A1B658 /* RebirthOfAThoughBetween.mp3 in Resources */ = {isa = PBXBuildFile; fileRef = F2A246092AF0F7FD00A1B658 /* RebirthOfAThoughBetween.mp3 */; };
		F2A246172AF0F80200A1B658 /* Introspection.mp3 in Resources */ = {isa = PBXBuildFile; fileRef = F2A2460A2AF0F7FE00A1B658 /* Introspection.mp3 */; };
		F2A246182AF0F80200A1B658 /* WhenWordsAreWind.mp3 in Resources */ = {isa = PBXBuildFile; fileRef = F2A2460B2AF0F7FE00A1B658 /* WhenWordsAreWind.mp3 */; };
		F2A246192AF0F80200A1B658 /* AncientMemories.mp3 in Resources */ = {isa = PBXBuildFile; fileRef = F2A2460C2AF0F7FE00A1B658 /* AncientMemories.mp3 */; };
		F2A2461A2AF0F80200A1B658 /* EventideDreams.mp3 in Resources */ = {isa = PBXBuildFile; fileRef = F2A2460D2AF0F7FF00A1B658 /* EventideDreams.mp3 */; };
		F2A2461B2AF0F80200A1B658 /* ParisHeart.mp3 in Resources */ = {isa = PBXBuildFile; fileRef = F2A2460E2AF0F7FF00A1B658 /* ParisHeart.mp3 */; };
		F2A2461C2AF0F80200A1B658 /* InternalFlight.mp3 in Resources */ = {isa = PBXBuildFile; fileRef = F2A2460F2AF0F80100A1B658 /* InternalFlight.mp3 */; };
		F2A2461D2AF0F80200A1B658 /* Capadocia.mp3 in Resources */ = {isa = PBXBuildFile; fileRef = F2A246102AF0F80100A1B658 /* Capadocia.mp3 */; };
		F2A2461E2AF0F80200A1B658 /* Fusion.mp3 in Resources */ = {isa = PBXBuildFile; fileRef = F2A246112AF0F80200A1B658 /* Fusion.mp3 */; };
		F2A2461F2AF0F80200A1B658 /* MessageFromTheStars.mp3 in Resources */ = {isa = PBXBuildFile; fileRef = F2A246122AF0F80200A1B658 /* MessageFromTheStars.mp3 */; };
		F2A246212AF0F80200A1B658 /* CyclesOfLife.mp3 in Resources */ = {isa = PBXBuildFile; fileRef = F2A246142AF0F80200A1B658 /* CyclesOfLife.mp3 */; };
		F2A246272AF0FE9100A1B658 /* UIContextMenu.swift in Sources */ = {isa = PBXBuildFile; fileRef = F2A246262AF0FE9100A1B658 /* UIContextMenu.swift */; };
		F2A2462B2AF0FF1800A1B658 /* MenuCell.swift in Sources */ = {isa = PBXBuildFile; fileRef = F2A2462A2AF0FF1800A1B658 /* MenuCell.swift */; };
		F2A2462E2AF1456000A1B658 /* MarqueeLabel.swift in Sources */ = {isa = PBXBuildFile; fileRef = F2A2462D2AF1456000A1B658 /* MarqueeLabel.swift */; };
/* End PBXBuildFile section */

/* Begin PBXFileReference section */
		01FC99D529BE2ACA00FA036B /* StandByMode.app */ = {isa = PBXFileReference; explicitFileType = wrapper.application; includeInIndex = 0; path = StandByMode.app; sourceTree = BUILT_PRODUCTS_DIR; };
		01FC99D829BE2ACA00FA036B /* AppDelegate.swift */ = {isa = PBXFileReference; lastKnownFileType = sourcecode.swift; path = AppDelegate.swift; sourceTree = "<group>"; };
		01FC99DC29BE2ACA00FA036B /* ViewController.swift */ = {isa = PBXFileReference; lastKnownFileType = sourcecode.swift; path = ViewController.swift; sourceTree = "<group>"; };
		01FC99DF29BE2ACA00FA036B /* Base */ = {isa = PBXFileReference; lastKnownFileType = file.storyboard; name = Base; path = Base.lproj/Main.storyboard; sourceTree = "<group>"; };
		01FC99E129BE2ACD00FA036B /* Assets.xcassets */ = {isa = PBXFileReference; lastKnownFileType = folder.assetcatalog; path = Assets.xcassets; sourceTree = "<group>"; };
		01FC99E429BE2ACD00FA036B /* Base */ = {isa = PBXFileReference; lastKnownFileType = file.storyboard; name = Base; path = Base.lproj/LaunchScreen.storyboard; sourceTree = "<group>"; };
		01FC99E629BE2ACD00FA036B /* Info.plist */ = {isa = PBXFileReference; lastKnownFileType = text.plist.xml; path = Info.plist; sourceTree = "<group>"; };
		F2A245F22AF0F00D00A1B658 /* MusicPlayerDelegate.swift */ = {isa = PBXFileReference; fileEncoding = 4; lastKnownFileType = sourcecode.swift; path = MusicPlayerDelegate.swift; sourceTree = "<group>"; };
		F2A245F32AF0F00D00A1B658 /* MusicPlayerItem.swift */ = {isa = PBXFileReference; fileEncoding = 4; lastKnownFileType = sourcecode.swift; path = MusicPlayerItem.swift; sourceTree = "<group>"; };
		F2A245F42AF0F00D00A1B658 /* MusicPlayerItemInfo.swift */ = {isa = PBXFileReference; fileEncoding = 4; lastKnownFileType = sourcecode.swift; path = MusicPlayerItemInfo.swift; sourceTree = "<group>"; };
		F2A245F52AF0F00D00A1B658 /* MusicQueuePlayer.swift */ = {isa = PBXFileReference; fileEncoding = 4; lastKnownFileType = sourcecode.swift; path = MusicQueuePlayer.swift; sourceTree = "<group>"; };
		F2A245F62AF0F00D00A1B658 /* Defaults.swift */ = {isa = PBXFileReference; fileEncoding = 4; lastKnownFileType = sourcecode.swift; path = Defaults.swift; sourceTree = "<group>"; };
		F2A245F72AF0F00D00A1B658 /* MusicPlayerManager.swift */ = {isa = PBXFileReference; fileEncoding = 4; lastKnownFileType = sourcecode.swift; path = MusicPlayerManager.swift; sourceTree = "<group>"; };
		F2A245F82AF0F00D00A1B658 /* MusicPlayerStatus.swift */ = {isa = PBXFileReference; fileEncoding = 4; lastKnownFileType = sourcecode.swift; path = MusicPlayerStatus.swift; sourceTree = "<group>"; };
		F2A246012AF0F1A000A1B658 /* DataProvider.swift */ = {isa = PBXFileReference; lastKnownFileType = sourcecode.swift; path = DataProvider.swift; sourceTree = "<group>"; };
		F2A246042AF0F28000A1B658 /* Track.swift */ = {isa = PBXFileReference; lastKnownFileType = sourcecode.swift; path = Track.swift; sourceTree = "<group>"; };
		F2A246092AF0F7FD00A1B658 /* RebirthOfAThoughBetween.mp3 */ = {isa = PBXFileReference; lastKnownFileType = audio.mp3; path = RebirthOfAThoughBetween.mp3; sourceTree = "<group>"; };
		F2A2460A2AF0F7FE00A1B658 /* Introspection.mp3 */ = {isa = PBXFileReference; lastKnownFileType = audio.mp3; path = Introspection.mp3; sourceTree = "<group>"; };
		F2A2460B2AF0F7FE00A1B658 /* WhenWordsAreWind.mp3 */ = {isa = PBXFileReference; lastKnownFileType = audio.mp3; path = WhenWordsAreWind.mp3; sourceTree = "<group>"; };
		F2A2460C2AF0F7FE00A1B658 /* AncientMemories.mp3 */ = {isa = PBXFileReference; lastKnownFileType = audio.mp3; path = AncientMemories.mp3; sourceTree = "<group>"; };
		F2A2460D2AF0F7FF00A1B658 /* EventideDreams.mp3 */ = {isa = PBXFileReference; lastKnownFileType = audio.mp3; path = EventideDreams.mp3; sourceTree = "<group>"; };
		F2A2460E2AF0F7FF00A1B658 /* ParisHeart.mp3 */ = {isa = PBXFileReference; lastKnownFileType = audio.mp3; path = ParisHeart.mp3; sourceTree = "<group>"; };
		F2A2460F2AF0F80100A1B658 /* InternalFlight.mp3 */ = {isa = PBXFileReference; lastKnownFileType = audio.mp3; path = InternalFlight.mp3; sourceTree = "<group>"; };
		F2A246102AF0F80100A1B658 /* Capadocia.mp3 */ = {isa = PBXFileReference; lastKnownFileType = audio.mp3; path = Capadocia.mp3; sourceTree = "<group>"; };
		F2A246112AF0F80200A1B658 /* Fusion.mp3 */ = {isa = PBXFileReference; lastKnownFileType = audio.mp3; path = Fusion.mp3; sourceTree = "<group>"; };
		F2A246122AF0F80200A1B658 /* MessageFromTheStars.mp3 */ = {isa = PBXFileReference; lastKnownFileType = audio.mp3; path = MessageFromTheStars.mp3; sourceTree = "<group>"; };
		F2A246142AF0F80200A1B658 /* CyclesOfLife.mp3 */ = {isa = PBXFileReference; lastKnownFileType = audio.mp3; path = CyclesOfLife.mp3; sourceTree = "<group>"; };
		F2A246262AF0FE9100A1B658 /* UIContextMenu.swift */ = {isa = PBXFileReference; lastKnownFileType = sourcecode.swift; path = UIContextMenu.swift; sourceTree = "<group>"; };
		F2A2462A2AF0FF1800A1B658 /* MenuCell.swift */ = {isa = PBXFileReference; lastKnownFileType = sourcecode.swift; path = MenuCell.swift; sourceTree = "<group>"; };
		F2A2462D2AF1456000A1B658 /* MarqueeLabel.swift */ = {isa = PBXFileReference; fileEncoding = 4; lastKnownFileType = sourcecode.swift; path = MarqueeLabel.swift; sourceTree = "<group>"; };
/* End PBXFileReference section */

/* Begin PBXFrameworksBuildPhase section */
		01FC99D229BE2ACA00FA036B /* Frameworks */ = {
			isa = PBXFrameworksBuildPhase;
			buildActionMask = 2147483647;
			files = (
			);
			runOnlyForDeploymentPostprocessing = 0;
		};
/* End PBXFrameworksBuildPhase section */

/* Begin PBXGroup section */
		01FC99CC29BE2ACA00FA036B = {
			isa = PBXGroup;
			children = (
				01FC99D729BE2ACA00FA036B /* StandByMode */,
				01FC99D629BE2ACA00FA036B /* Products */,
			);
			sourceTree = "<group>";
		};
		01FC99D629BE2ACA00FA036B /* Products */ = {
			isa = PBXGroup;
			children = (
				01FC99D529BE2ACA00FA036B /* StandByMode.app */,
			);
			name = Products;
			sourceTree = "<group>";
		};
		01FC99D729BE2ACA00FA036B /* StandByMode */ = {
			isa = PBXGroup;
			children = (
				F2A246232AF0FD4200A1B658 /* Core */,
				F2A246062AF0F7AB00A1B658 /* Resources */,
				F2A246032AF0F27700A1B658 /* Model */,
				F2A246002AF0F18F00A1B658 /* Utilities */,
				F2A245F12AF0EFF500A1B658 /* MusicPlayer */,
				F2A246252AF0FE8100A1B658 /* UIComponents */,
				F2A246242AF0FD4B00A1B658 /* StoryBoards */,
				F2A246222AF0FD3300A1B658 /* Controllers */,
			);
			path = StandByMode;
			sourceTree = "<group>";
		};
		F2A245F12AF0EFF500A1B658 /* MusicPlayer */ = {
			isa = PBXGroup;
			children = (
				F2A245F22AF0F00D00A1B658 /* MusicPlayerDelegate.swift */,
				F2A245F32AF0F00D00A1B658 /* MusicPlayerItem.swift */,
				F2A245F42AF0F00D00A1B658 /* MusicPlayerItemInfo.swift */,
				F2A245F72AF0F00D00A1B658 /* MusicPlayerManager.swift */,
				F2A245F82AF0F00D00A1B658 /* MusicPlayerStatus.swift */,
				F2A245F52AF0F00D00A1B658 /* MusicQueuePlayer.swift */,
				F2A245F62AF0F00D00A1B658 /* Defaults.swift */,
			);
			path = MusicPlayer;
			sourceTree = "<group>";
		};
		F2A246002AF0F18F00A1B658 /* Utilities */ = {
			isa = PBXGroup;
			children = (
				F2A246012AF0F1A000A1B658 /* DataProvider.swift */,
			);
			path = Utilities;
			sourceTree = "<group>";
		};
		F2A246032AF0F27700A1B658 /* Model */ = {
			isa = PBXGroup;
			children = (
				F2A246042AF0F28000A1B658 /* Track.swift */,
			);
			path = Model;
			sourceTree = "<group>";
		};
		F2A246062AF0F7AB00A1B658 /* Resources */ = {
			isa = PBXGroup;
			children = (
				F2A246072AF0F7BB00A1B658 /* Audios */,
				01FC99E129BE2ACD00FA036B /* Assets.xcassets */,
				01FC99E629BE2ACD00FA036B /* Info.plist */,
			);
			path = Resources;
			sourceTree = "<group>";
		};
		F2A246072AF0F7BB00A1B658 /* Audios */ = {
			isa = PBXGroup;
			children = (
				F2A246102AF0F80100A1B658 /* Capadocia.mp3 */,
				F2A246142AF0F80200A1B658 /* CyclesOfLife.mp3 */,
				F2A2460C2AF0F7FE00A1B658 /* AncientMemories.mp3 */,
				F2A246122AF0F80200A1B658 /* MessageFromTheStars.mp3 */,
				F2A246112AF0F80200A1B658 /* Fusion.mp3 */,
				F2A2460D2AF0F7FF00A1B658 /* EventideDreams.mp3 */,
				F2A2460F2AF0F80100A1B658 /* InternalFlight.mp3 */,
				F2A2460A2AF0F7FE00A1B658 /* Introspection.mp3 */,
				F2A2460E2AF0F7FF00A1B658 /* ParisHeart.mp3 */,
				F2A246092AF0F7FD00A1B658 /* RebirthOfAThoughBetween.mp3 */,
				F2A2460B2AF0F7FE00A1B658 /* WhenWordsAreWind.mp3 */,
			);
			path = Audios;
			sourceTree = "<group>";
		};
		F2A246222AF0FD3300A1B658 /* Controllers */ = {
			isa = PBXGroup;
			children = (
				01FC99DC29BE2ACA00FA036B /* ViewController.swift */,
			);
			path = Controllers;
			sourceTree = "<group>";
		};
		F2A246232AF0FD4200A1B658 /* Core */ = {
			isa = PBXGroup;
			children = (
				01FC99D829BE2ACA00FA036B /* AppDelegate.swift */,
			);
			path = Core;
			sourceTree = "<group>";
		};
		F2A246242AF0FD4B00A1B658 /* StoryBoards */ = {
			isa = PBXGroup;
			children = (
				01FC99DE29BE2ACA00FA036B /* Main.storyboard */,
				01FC99E329BE2ACD00FA036B /* LaunchScreen.storyboard */,
			);
			path = StoryBoards;
			sourceTree = "<group>";
		};
		F2A246252AF0FE8100A1B658 /* UIComponents */ = {
			isa = PBXGroup;
			children = (
				F2A2462D2AF1456000A1B658 /* MarqueeLabel.swift */,
				F2A2462C2AF1016400A1B658 /* UIContextMenu */,
			);
			path = UIComponents;
			sourceTree = "<group>";
		};
		F2A2462C2AF1016400A1B658 /* UIContextMenu */ = {
			isa = PBXGroup;
			children = (
				F2A246262AF0FE9100A1B658 /* UIContextMenu.swift */,
				F2A2462A2AF0FF1800A1B658 /* MenuCell.swift */,
			);
			path = UIContextMenu;
			sourceTree = "<group>";
		};
/* End PBXGroup section */

/* Begin PBXNativeTarget section */
		01FC99D429BE2ACA00FA036B /* StandByMode */ = {
			isa = PBXNativeTarget;
			buildConfigurationList = 01FC99E929BE2ACD00FA036B /* Build configuration list for PBXNativeTarget "StandByMode" */;
			buildPhases = (
				01FC99D129BE2ACA00FA036B /* Sources */,
				01FC99D229BE2ACA00FA036B /* Frameworks */,
				01FC99D329BE2ACA00FA036B /* Resources */,
			);
			buildRules = (
			);
			dependencies = (
			);
			name = StandByMode;
			productName = Clock;
			productReference = 01FC99D529BE2ACA00FA036B /* StandByMode.app */;
			productType = "com.apple.product-type.application";
		};
/* End PBXNativeTarget section */

/* Begin PBXProject section */
		01FC99CD29BE2ACA00FA036B /* Project object */ = {
			isa = PBXProject;
			attributes = {
				BuildIndependentTargetsInParallel = 1;
				LastSwiftUpdateCheck = 1400;
				LastUpgradeCheck = 1400;
				TargetAttributes = {
					01FC99D429BE2ACA00FA036B = {
						CreatedOnToolsVersion = 14.0.1;
					};
				};
			};
			buildConfigurationList = 01FC99D029BE2ACA00FA036B /* Build configuration list for PBXProject "StandByMode" */;
			compatibilityVersion = "Xcode 14.0";
			developmentRegion = en;
			hasScannedForEncodings = 0;
			knownRegions = (
				en,
				Base,
			);
			mainGroup = 01FC99CC29BE2ACA00FA036B;
			productRefGroup = 01FC99D629BE2ACA00FA036B /* Products */;
			projectDirPath = "";
			projectRoot = "";
			targets = (
				01FC99D429BE2ACA00FA036B /* StandByMode */,
			);
		};
/* End PBXProject section */

/* Begin PBXResourcesBuildPhase section */
		01FC99D329BE2ACA00FA036B /* Resources */ = {
			isa = PBXResourcesBuildPhase;
			buildActionMask = 2147483647;
			files = (
				F2A246192AF0F80200A1B658 /* AncientMemories.mp3 in Resources */,
				F2A2461C2AF0F80200A1B658 /* InternalFlight.mp3 in Resources */,
				F2A246172AF0F80200A1B658 /* Introspection.mp3 in Resources */,
				F2A2461E2AF0F80200A1B658 /* Fusion.mp3 in Resources */,
				F2A2461D2AF0F80200A1B658 /* Capadocia.mp3 in Resources */,
				F2A246182AF0F80200A1B658 /* WhenWordsAreWind.mp3 in Resources */,
				F2A2461B2AF0F80200A1B658 /* ParisHeart.mp3 in Resources */,
				F2A246212AF0F80200A1B658 /* CyclesOfLife.mp3 in Resources */,
				F2A246162AF0F80200A1B658 /* RebirthOfAThoughBetween.mp3 in Resources */,
				01FC99E529BE2ACD00FA036B /* LaunchScreen.storyboard in Resources */,
				F2A2461F2AF0F80200A1B658 /* MessageFromTheStars.mp3 in Resources */,
				01FC99E229BE2ACD00FA036B /* Assets.xcassets in Resources */,
				01FC99E029BE2ACA00FA036B /* Main.storyboard in Resources */,
				F2A2461A2AF0F80200A1B658 /* EventideDreams.mp3 in Resources */,
			);
			runOnlyForDeploymentPostprocessing = 0;
		};
/* End PBXResourcesBuildPhase section */

/* Begin PBXSourcesBuildPhase section */
		01FC99D129BE2ACA00FA036B /* Sources */ = {
			isa = PBXSourcesBuildPhase;
			buildActionMask = 2147483647;
			files = (
				01FC99DD29BE2ACA00FA036B /* ViewController.swift in Sources */,
				F2A245FD2AF0F00D00A1B658 /* Defaults.swift in Sources */,
				F2A245FB2AF0F00D00A1B658 /* MusicPlayerItemInfo.swift in Sources */,
				01FC99D929BE2ACA00FA036B /* AppDelegate.swift in Sources */,
				F2A245FA2AF0F00D00A1B658 /* MusicPlayerItem.swift in Sources */,
				F2A246022AF0F1A000A1B658 /* DataProvider.swift in Sources */,
				F2A245FF2AF0F00D00A1B658 /* MusicPlayerStatus.swift in Sources */,
				F2A245F92AF0F00D00A1B658 /* MusicPlayerDelegate.swift in Sources */,
				F2A245FC2AF0F00D00A1B658 /* MusicQueuePlayer.swift in Sources */,
				F2A2462B2AF0FF1800A1B658 /* MenuCell.swift in Sources */,
				F2A245FE2AF0F00D00A1B658 /* MusicPlayerManager.swift in Sources */,
				F2A2462E2AF1456000A1B658 /* MarqueeLabel.swift in Sources */,
				F2A246272AF0FE9100A1B658 /* UIContextMenu.swift in Sources */,
				F2A246052AF0F28000A1B658 /* Track.swift in Sources */,
			);
			runOnlyForDeploymentPostprocessing = 0;
		};
/* End PBXSourcesBuildPhase section */

/* Begin PBXVariantGroup section */
		01FC99DE29BE2ACA00FA036B /* Main.storyboard */ = {
			isa = PBXVariantGroup;
			children = (
				01FC99DF29BE2ACA00FA036B /* Base */,
			);
			name = Main.storyboard;
			sourceTree = "<group>";
		};
		01FC99E329BE2ACD00FA036B /* LaunchScreen.storyboard */ = {
			isa = PBXVariantGroup;
			children = (
				01FC99E429BE2ACD00FA036B /* Base */,
			);
			name = LaunchScreen.storyboard;
			sourceTree = "<group>";
		};
/* End PBXVariantGroup section */

/* Begin XCBuildConfiguration section */
		01FC99E729BE2ACD00FA036B /* Debug */ = {
			isa = XCBuildConfiguration;
			buildSettings = {
				ALWAYS_SEARCH_USER_PATHS = NO;
				CLANG_ANALYZER_NONNULL = YES;
				CLANG_ANALYZER_NUMBER_OBJECT_CONVERSION = YES_AGGRESSIVE;
				CLANG_CXX_LANGUAGE_STANDARD = "gnu++20";
				CLANG_ENABLE_MODULES = YES;
				CLANG_ENABLE_OBJC_ARC = YES;
				CLANG_ENABLE_OBJC_WEAK = YES;
				CLANG_WARN_BLOCK_CAPTURE_AUTORELEASING = YES;
				CLANG_WARN_BOOL_CONVERSION = YES;
				CLANG_WARN_COMMA = YES;
				CLANG_WARN_CONSTANT_CONVERSION = YES;
				CLANG_WARN_DEPRECATED_OBJC_IMPLEMENTATIONS = YES;
				CLANG_WARN_DIRECT_OBJC_ISA_USAGE = YES_ERROR;
				CLANG_WARN_DOCUMENTATION_COMMENTS = YES;
				CLANG_WARN_EMPTY_BODY = YES;
				CLANG_WARN_ENUM_CONVERSION = YES;
				CLANG_WARN_INFINITE_RECURSION = YES;
				CLANG_WARN_INT_CONVERSION = YES;
				CLANG_WARN_NON_LITERAL_NULL_CONVERSION = YES;
				CLANG_WARN_OBJC_IMPLICIT_RETAIN_SELF = YES;
				CLANG_WARN_OBJC_LITERAL_CONVERSION = YES;
				CLANG_WARN_OBJC_ROOT_CLASS = YES_ERROR;
				CLANG_WARN_QUOTED_INCLUDE_IN_FRAMEWORK_HEADER = YES;
				CLANG_WARN_RANGE_LOOP_ANALYSIS = YES;
				CLANG_WARN_STRICT_PROTOTYPES = YES;
				CLANG_WARN_SUSPICIOUS_MOVE = YES;
				CLANG_WARN_UNGUARDED_AVAILABILITY = YES_AGGRESSIVE;
				CLANG_WARN_UNREACHABLE_CODE = YES;
				CLANG_WARN__DUPLICATE_METHOD_MATCH = YES;
				COPY_PHASE_STRIP = NO;
				DEBUG_INFORMATION_FORMAT = dwarf;
				ENABLE_STRICT_OBJC_MSGSEND = YES;
				ENABLE_TESTABILITY = YES;
				GCC_C_LANGUAGE_STANDARD = gnu11;
				GCC_DYNAMIC_NO_PIC = NO;
				GCC_NO_COMMON_BLOCKS = YES;
				GCC_OPTIMIZATION_LEVEL = 0;
				GCC_PREPROCESSOR_DEFINITIONS = (
					"DEBUG=1",
					"$(inherited)",
				);
				GCC_WARN_64_TO_32_BIT_CONVERSION = YES;
				GCC_WARN_ABOUT_RETURN_TYPE = YES_ERROR;
				GCC_WARN_UNDECLARED_SELECTOR = YES;
				GCC_WARN_UNINITIALIZED_AUTOS = YES_AGGRESSIVE;
				GCC_WARN_UNUSED_FUNCTION = YES;
				GCC_WARN_UNUSED_VARIABLE = YES;
				IPHONEOS_DEPLOYMENT_TARGET = 16.0;
				MTL_ENABLE_DEBUG_INFO = INCLUDE_SOURCE;
				MTL_FAST_MATH = YES;
				ONLY_ACTIVE_ARCH = YES;
				SDKROOT = iphoneos;
				SWIFT_ACTIVE_COMPILATION_CONDITIONS = DEBUG;
				SWIFT_OPTIMIZATION_LEVEL = "-Onone";
			};
			name = Debug;
		};
		01FC99E829BE2ACD00FA036B /* Release */ = {
			isa = XCBuildConfiguration;
			buildSettings = {
				ALWAYS_SEARCH_USER_PATHS = NO;
				CLANG_ANALYZER_NONNULL = YES;
				CLANG_ANALYZER_NUMBER_OBJECT_CONVERSION = YES_AGGRESSIVE;
				CLANG_CXX_LANGUAGE_STANDARD = "gnu++20";
				CLANG_ENABLE_MODULES = YES;
				CLANG_ENABLE_OBJC_ARC = YES;
				CLANG_ENABLE_OBJC_WEAK = YES;
				CLANG_WARN_BLOCK_CAPTURE_AUTORELEASING = YES;
				CLANG_WARN_BOOL_CONVERSION = YES;
				CLANG_WARN_COMMA = YES;
				CLANG_WARN_CONSTANT_CONVERSION = YES;
				CLANG_WARN_DEPRECATED_OBJC_IMPLEMENTATIONS = YES;
				CLANG_WARN_DIRECT_OBJC_ISA_USAGE = YES_ERROR;
				CLANG_WARN_DOCUMENTATION_COMMENTS = YES;
				CLANG_WARN_EMPTY_BODY = YES;
				CLANG_WARN_ENUM_CONVERSION = YES;
				CLANG_WARN_INFINITE_RECURSION = YES;
				CLANG_WARN_INT_CONVERSION = YES;
				CLANG_WARN_NON_LITERAL_NULL_CONVERSION = YES;
				CLANG_WARN_OBJC_IMPLICIT_RETAIN_SELF = YES;
				CLANG_WARN_OBJC_LITERAL_CONVERSION = YES;
				CLANG_WARN_OBJC_ROOT_CLASS = YES_ERROR;
				CLANG_WARN_QUOTED_INCLUDE_IN_FRAMEWORK_HEADER = YES;
				CLANG_WARN_RANGE_LOOP_ANALYSIS = YES;
				CLANG_WARN_STRICT_PROTOTYPES = YES;
				CLANG_WARN_SUSPICIOUS_MOVE = YES;
				CLANG_WARN_UNGUARDED_AVAILABILITY = YES_AGGRESSIVE;
				CLANG_WARN_UNREACHABLE_CODE = YES;
				CLANG_WARN__DUPLICATE_METHOD_MATCH = YES;
				COPY_PHASE_STRIP = NO;
				DEBUG_INFORMATION_FORMAT = "dwarf-with-dsym";
				ENABLE_NS_ASSERTIONS = NO;
				ENABLE_STRICT_OBJC_MSGSEND = YES;
				GCC_C_LANGUAGE_STANDARD = gnu11;
				GCC_NO_COMMON_BLOCKS = YES;
				GCC_WARN_64_TO_32_BIT_CONVERSION = YES;
				GCC_WARN_ABOUT_RETURN_TYPE = YES_ERROR;
				GCC_WARN_UNDECLARED_SELECTOR = YES;
				GCC_WARN_UNINITIALIZED_AUTOS = YES_AGGRESSIVE;
				GCC_WARN_UNUSED_FUNCTION = YES;
				GCC_WARN_UNUSED_VARIABLE = YES;
				IPHONEOS_DEPLOYMENT_TARGET = 16.0;
				MTL_ENABLE_DEBUG_INFO = NO;
				MTL_FAST_MATH = YES;
				SDKROOT = iphoneos;
				SWIFT_COMPILATION_MODE = wholemodule;
				SWIFT_OPTIMIZATION_LEVEL = "-O";
				VALIDATE_PRODUCT = YES;
			};
			name = Release;
		};
		01FC99EA29BE2ACD00FA036B /* Debug */ = {
			isa = XCBuildConfiguration;
			buildSettings = {
				ASSETCATALOG_COMPILER_APPICON_NAME = AppIcon;
				ASSETCATALOG_COMPILER_GLOBAL_ACCENT_COLOR_NAME = AccentColor;
				CODE_SIGN_STYLE = Automatic;
				CURRENT_PROJECT_VERSION = 1;
				DEVELOPMENT_TEAM = N26XM7U465;
				GENERATE_INFOPLIST_FILE = YES;
				INFOPLIST_FILE = StandByMode/Resources/Info.plist;
				INFOPLIST_KEY_CFBundleDisplayName = StandByMode;
				INFOPLIST_KEY_LSApplicationCategoryType = "public.app-category.utilities";
				INFOPLIST_KEY_UIApplicationSupportsIndirectInputEvents = YES;
				INFOPLIST_KEY_UILaunchStoryboardName = LaunchScreen;
				INFOPLIST_KEY_UIMainStoryboardFile = Main;
				INFOPLIST_KEY_UIRequiresFullScreen = YES;
				INFOPLIST_KEY_UIStatusBarStyle = "";
				INFOPLIST_KEY_UISupportedInterfaceOrientations = "UIInterfaceOrientationLandscapeLeft UIInterfaceOrientationLandscapeRight UIInterfaceOrientationPortrait UIInterfaceOrientationPortraitUpsideDown";
				IPHONEOS_DEPLOYMENT_TARGET = 11.0;
				LD_RUNPATH_SEARCH_PATHS = (
					"$(inherited)",
					"@executable_path/Frameworks",
				);
				MARKETING_VERSION = 1.0;
				PRODUCT_BUNDLE_IDENTIFIER = com.coder.standBy;
				PRODUCT_NAME = "$(TARGET_NAME)";
				SWIFT_EMIT_LOC_STRINGS = YES;
				SWIFT_VERSION = 5.0;
				TARGETED_DEVICE_FAMILY = "1,2";
			};
			name = Debug;
		};
		01FC99EB29BE2ACD00FA036B /* Release */ = {
			isa = XCBuildConfiguration;
			buildSettings = {
				ASSETCATALOG_COMPILER_APPICON_NAME = AppIcon;
				ASSETCATALOG_COMPILER_GLOBAL_ACCENT_COLOR_NAME = AccentColor;
				CODE_SIGN_STYLE = Automatic;
				CURRENT_PROJECT_VERSION = 1;
				DEVELOPMENT_TEAM = N26XM7U465;
				GENERATE_INFOPLIST_FILE = YES;
				INFOPLIST_FILE = StandByMode/Resources/Info.plist;
				INFOPLIST_KEY_CFBundleDisplayName = StandByMode;
				INFOPLIST_KEY_LSApplicationCategoryType = "public.app-category.utilities";
				INFOPLIST_KEY_UIApplicationSupportsIndirectInputEvents = YES;
				INFOPLIST_KEY_UILaunchStoryboardName = LaunchScreen;
				INFOPLIST_KEY_UIMainStoryboardFile = Main;
				INFOPLIST_KEY_UIRequiresFullScreen = YES;
				INFOPLIST_KEY_UIStatusBarStyle = "";
				INFOPLIST_KEY_UISupportedInterfaceOrientations = "UIInterfaceOrientationLandscapeLeft UIInterfaceOrientationLandscapeRight UIInterfaceOrientationPortrait UIInterfaceOrientationPortraitUpsideDown";
				IPHONEOS_DEPLOYMENT_TARGET = 11.0;
				LD_RUNPATH_SEARCH_PATHS = (
					"$(inherited)",
					"@executable_path/Frameworks",
				);
				MARKETING_VERSION = 1.0;
				PRODUCT_BUNDLE_IDENTIFIER = com.coder.standBy;
				PRODUCT_NAME = "$(TARGET_NAME)";
				SWIFT_EMIT_LOC_STRINGS = YES;
				SWIFT_VERSION = 5.0;
				TARGETED_DEVICE_FAMILY = "1,2";
			};
			name = Release;
		};
/* End XCBuildConfiguration section */

/* Begin XCConfigurationList section */
		01FC99D029BE2ACA00FA036B /* Build configuration list for PBXProject "StandByMode" */ = {
			isa = XCConfigurationList;
			buildConfigurations = (
				01FC99E729BE2ACD00FA036B /* Debug */,
				01FC99E829BE2ACD00FA036B /* Release */,
			);
			defaultConfigurationIsVisible = 0;
			defaultConfigurationName = Release;
		};
		01FC99E929BE2ACD00FA036B /* Build configuration list for PBXNativeTarget "StandByMode" */ = {
			isa = XCConfigurationList;
			buildConfigurations = (
				01FC99EA29BE2ACD00FA036B /* Debug */,
				01FC99EB29BE2ACD00FA036B /* Release */,
			);
			defaultConfigurationIsVisible = 0;
			defaultConfigurationName = Release;
		};
/* End XCConfigurationList section */
	};
	rootObject = 01FC99CD29BE2ACA00FA036B /* Project object */;
}
